
Microsoft Visual Studio Solution File, Format Version 12.00
# Visual Studio Version 16
VisualStudioVersion = 16.0.30011.22
MinimumVisualStudioVersion = 10.0.40219.1
Project("{9A19103F-16F7-4668-BE54-9A1E7A4F7556}") = "ScriptingLaunguage", "ScriptingLaunguage\ScriptingLaunguage.csproj", "{02275DBA-465C-4449-BEF7-50FD83BFF91D}"
EndProject
Project("{9A19103F-16F7-4668-BE54-9A1E7A4F7556}") = "Program", "Program\Program.csproj", "{A32FAE39-564B-4430-AA18-F1EAC9E83777}"
EndProject
Global
	GlobalSection(SolutionConfigurationPlatforms) = preSolution
		Debug|Any CPU = Debug|Any CPU
		Release|Any CPU = Release|Any CPU
	EndGlobalSection
	GlobalSection(ProjectConfigurationPlatforms) = postSolution
		{02275DBA-465C-4449-BEF7-50FD83BFF91D}.Debug|Any CPU.ActiveCfg = Debug|Any CPU
		{02275DBA-465C-4449-BEF7-50FD83BFF91D}.Debug|Any CPU.Build.0 = Debug|Any CPU
		{02275DBA-465C-4449-BEF7-50FD83BFF91D}.Release|Any CPU.ActiveCfg = Release|Any CPU
		{02275DBA-465C-4449-BEF7-50FD83BFF91D}.Release|Any CPU.Build.0 = Release|Any CPU
		{A32FAE39-564B-4430-AA18-F1EAC9E83777}.Debug|Any CPU.ActiveCfg = Debug|Any CPU
		{A32FAE39-564B-4430-AA18-F1EAC9E83777}.Debug|Any CPU.Build.0 = Debug|Any CPU
		{A32FAE39-564B-4430-AA18-F1EAC9E83777}.Release|Any CPU.ActiveCfg = Release|Any CPU
		{A32FAE39-564B-4430-AA18-F1EAC9E83777}.Release|Any CPU.Build.0 = Release|Any CPU
	EndGlobalSection
	GlobalSection(SolutionProperties) = preSolution
		HideSolutionNode = FALSE
	EndGlobalSection
	GlobalSection(ExtensibilityGlobals) = postSolution
		SolutionGuid = {2380E9B9-343D-4DA9-889E-609906AADD5E}
	EndGlobalSection
EndGlobal
